# This file is automatically @generated by Cargo.
# It is not intended for manual editing.
version = 4

[[package]]
name = "hildie-app"
version = "0.1.0"
dependencies = [
 "hildie-lib",
]

[[package]]
name = "hildie-cli"
version = "0.1.0"
dependencies = [
 "hildie-lib",
]

[[package]]
name = "hildie-lib"
version = "0.1.0"
